
Microsoft Visual Studio Solution File, Format Version 12.00
# Visual Studio Version 16
VisualStudioVersion = 16.0.31729.503
MinimumVisualStudioVersion = 10.0.40219.1
Project("{8BC9CEB8-8B4A-11D0-8D11-00A0C91BC942}") = "790. 数的三次方根", "790. 数的三次方根\790. 数的三次方根.vcxproj", "{50C882B9-A86A-4B8F-A19D-EA86E67A870C}"
EndProject
Global
	GlobalSection(SolutionConfigurationPlatforms) = preSolution
		Debug|x64 = Debug|x64
		Debug|x86 = Debug|x86
		Release|x64 = Release|x64
		Release|x86 = Release|x86
	EndGlobalSection
	GlobalSection(ProjectConfigurationPlatforms) = postSolution
		{50C882B9-A86A-4B8F-A19D-EA86E67A870C}.Debug|x64.ActiveCfg = Debug|x64
		{50C882B9-A86A-4B8F-A19D-EA86E67A870C}.Debug|x64.Build.0 = Debug|x64
		{50C882B9-A86A-4B8F-A19D-EA86E67A870C}.Debug|x86.ActiveCfg = Debug|Win32
		{50C882B9-A86A-4B8F-A19D-EA86E67A870C}.Debug|x86.Build.0 = Debug|Win32
		{50C882B9-A86A-4B8F-A19D-EA86E67A870C}.Release|x64.ActiveCfg = Release|x64
		{50C882B9-A86A-4B8F-A19D-EA86E67A870C}.Release|x64.Build.0 = Release|x64
		{50C882B9-A86A-4B8F-A19D-EA86E67A870C}.Release|x86.ActiveCfg = Release|Win32
		{50C882B9-A86A-4B8F-A19D-EA86E67A870C}.Release|x86.Build.0 = Release|Win32
	EndGlobalSection
	GlobalSection(SolutionProperties) = preSolution
		HideSolutionNode = FALSE
	EndGlobalSection
	GlobalSection(ExtensibilityGlobals) = postSolution
		SolutionGuid = {92C76216-931E-4A95-8E38-E6686FFC58D2}
	EndGlobalSection
EndGlobal
