
Microsoft Visual Studio Solution File, Format Version 12.00
# Visual Studio Version 16
VisualStudioVersion = 16.0.31729.503
MinimumVisualStudioVersion = 10.0.40219.1
Project("{8BC9CEB8-8B4A-11D0-8D11-00A0C91BC942}") = "795. 前缀和", "795. 前缀和\795. 前缀和.vcxproj", "{08271B80-6DF4-439E-9B61-AB483A7D5F20}"
EndProject
Global
	GlobalSection(SolutionConfigurationPlatforms) = preSolution
		Debug|x64 = Debug|x64
		Debug|x86 = Debug|x86
		Release|x64 = Release|x64
		Release|x86 = Release|x86
	EndGlobalSection
	GlobalSection(ProjectConfigurationPlatforms) = postSolution
		{08271B80-6DF4-439E-9B61-AB483A7D5F20}.Debug|x64.ActiveCfg = Debug|x64
		{08271B80-6DF4-439E-9B61-AB483A7D5F20}.Debug|x64.Build.0 = Debug|x64
		{08271B80-6DF4-439E-9B61-AB483A7D5F20}.Debug|x86.ActiveCfg = Debug|Win32
		{08271B80-6DF4-439E-9B61-AB483A7D5F20}.Debug|x86.Build.0 = Debug|Win32
		{08271B80-6DF4-439E-9B61-AB483A7D5F20}.Release|x64.ActiveCfg = Release|x64
		{08271B80-6DF4-439E-9B61-AB483A7D5F20}.Release|x64.Build.0 = Release|x64
		{08271B80-6DF4-439E-9B61-AB483A7D5F20}.Release|x86.ActiveCfg = Release|Win32
		{08271B80-6DF4-439E-9B61-AB483A7D5F20}.Release|x86.Build.0 = Release|Win32
	EndGlobalSection
	GlobalSection(SolutionProperties) = preSolution
		HideSolutionNode = FALSE
	EndGlobalSection
	GlobalSection(ExtensibilityGlobals) = postSolution
		SolutionGuid = {D3AEB245-1C61-4C5F-A27D-9E7DE5321BC1}
	EndGlobalSection
EndGlobal
